
Microsoft Visual Studio Solution File, Format Version 12.00
# Visual Studio Version 17
VisualStudioVersion = 17.3.32929.385
MinimumVisualStudioVersion = 10.0.40219.1
Project("{FAE04EC0-301F-11D3-BF4B-00C04F79EFBC}") = "pkNX.Structures.FlatBuffers", "pkNX.Structures.FlatBuffers.csproj", "{A466971C-4482-4146-930B-939DF2B27C49}"
EndProject
Global
	GlobalSection(SolutionConfigurationPlatforms) = preSolution
		Debug|Any CPU = Debug|Any CPU
		Release|Any CPU = Release|Any CPU
	EndGlobalSection
	GlobalSection(ProjectConfigurationPlatforms) = postSolution
		{A466971C-4482-4146-930B-939DF2B27C49}.Debug|Any CPU.ActiveCfg = Debug|Any CPU
		{A466971C-4482-4146-930B-939DF2B27C49}.Debug|Any CPU.Build.0 = Debug|Any CPU
		{A466971C-4482-4146-930B-939DF2B27C49}.Release|Any CPU.ActiveCfg = Release|Any CPU
		{A466971C-4482-4146-930B-939DF2B27C49}.Release|Any CPU.Build.0 = Release|Any CPU
	EndGlobalSection
	GlobalSection(SolutionProperties) = preSolution
		HideSolutionNode = FALSE
	EndGlobalSection
	GlobalSection(ExtensibilityGlobals) = postSolution
		SolutionGuid = {361F4845-496F-41B1-8C3A-BD7F5DCB6FEE}
	EndGlobalSection
EndGlobal
