
Microsoft Visual Studio Solution File, Format Version 12.00
# Visual Studio Version 17
VisualStudioVersion = 17.3.32929.385
MinimumVisualStudioVersion = 10.0.40219.1
Project("{9A19103F-16F7-4668-BE54-9A1E7A4F7556}") = "TeraFinder", "TeraFinder.csproj", "{4E369721-CF2E-4C16-B409-F95272E7468D}"
	ProjectSection(ProjectDependencies) = postProject
		{FDFE2C9C-8BF5-4CAC-AF14-F826D69A1FD9} = {FDFE2C9C-8BF5-4CAC-AF14-F826D69A1FD9}
	EndProjectSection
EndProject
Project("{9A19103F-16F7-4668-BE54-9A1E7A4F7556}") = "pkNX.Structures.FlatBuffers", "pkNX.Structures.FlatBuffers\pkNX.Structures.FlatBuffers.csproj", "{FDFE2C9C-8BF5-4CAC-AF14-F826D69A1FD9}"
EndProject
Project("{9A19103F-16F7-4668-BE54-9A1E7A4F7556}") = "TeraFinder.Launcher", "TeraFinder.Launcher\TeraFinder.Launcher.csproj", "{E3234482-506B-4A94-9446-13247EE0A7A3}"
	ProjectSection(ProjectDependencies) = postProject
		{4E369721-CF2E-4C16-B409-F95272E7468D} = {4E369721-CF2E-4C16-B409-F95272E7468D}
	EndProjectSection
EndProject
Project("{9A19103F-16F7-4668-BE54-9A1E7A4F7556}") = "PKHeX.WinForms", "..\pkhex\PKHeX.WinForms\PKHeX.WinForms.csproj", "{DE4D65D3-A9FE-4170-8941-A03CF4CCF8A5}"
EndProject
Global
	GlobalSection(SolutionConfigurationPlatforms) = preSolution
		Debug|Any CPU = Debug|Any CPU
		Release|Any CPU = Release|Any CPU
	EndGlobalSection
	GlobalSection(ProjectConfigurationPlatforms) = postSolution
		{4E369721-CF2E-4C16-B409-F95272E7468D}.Debug|Any CPU.ActiveCfg = Debug|Any CPU
		{4E369721-CF2E-4C16-B409-F95272E7468D}.Debug|Any CPU.Build.0 = Debug|Any CPU
		{4E369721-CF2E-4C16-B409-F95272E7468D}.Release|Any CPU.ActiveCfg = Release|Any CPU
		{4E369721-CF2E-4C16-B409-F95272E7468D}.Release|Any CPU.Build.0 = Release|Any CPU
		{FDFE2C9C-8BF5-4CAC-AF14-F826D69A1FD9}.Debug|Any CPU.ActiveCfg = Debug|Any CPU
		{FDFE2C9C-8BF5-4CAC-AF14-F826D69A1FD9}.Debug|Any CPU.Build.0 = Debug|Any CPU
		{FDFE2C9C-8BF5-4CAC-AF14-F826D69A1FD9}.Release|Any CPU.ActiveCfg = Release|Any CPU
		{FDFE2C9C-8BF5-4CAC-AF14-F826D69A1FD9}.Release|Any CPU.Build.0 = Release|Any CPU
		{E3234482-506B-4A94-9446-13247EE0A7A3}.Debug|Any CPU.ActiveCfg = Debug|Any CPU
		{E3234482-506B-4A94-9446-13247EE0A7A3}.Debug|Any CPU.Build.0 = Debug|Any CPU
		{E3234482-506B-4A94-9446-13247EE0A7A3}.Release|Any CPU.ActiveCfg = Release|Any CPU
		{E3234482-506B-4A94-9446-13247EE0A7A3}.Release|Any CPU.Build.0 = Release|Any CPU
		{DE4D65D3-A9FE-4170-8941-A03CF4CCF8A5}.Debug|Any CPU.ActiveCfg = Debug|Any CPU
		{DE4D65D3-A9FE-4170-8941-A03CF4CCF8A5}.Debug|Any CPU.Build.0 = Debug|Any CPU
		{DE4D65D3-A9FE-4170-8941-A03CF4CCF8A5}.Release|Any CPU.ActiveCfg = Release|Any CPU
		{DE4D65D3-A9FE-4170-8941-A03CF4CCF8A5}.Release|Any CPU.Build.0 = Release|Any CPU
	EndGlobalSection
	GlobalSection(SolutionProperties) = preSolution
		HideSolutionNode = FALSE
	EndGlobalSection
	GlobalSection(ExtensibilityGlobals) = postSolution
		SolutionGuid = {B54FA997-0B2E-4ACC-BC36-53A62CEF3FA5}
	EndGlobalSection
EndGlobal
